// !$*UTF8*$!
{
	archiveVersion = 1;
	classes = {
	};
	objectVersion = 46;
	objects = {

/* Begin PBXBuildFile section */
		1F2E44791AB4890D00D97281 /* AppDelegate.swift in Sources */ = {isa = PBXBuildFile; fileRef = 1F2E44781AB4890D00D97281 /* AppDelegate.swift */; };
		1F2E447B1AB4890D00D97281 /* ViewController.swift in Sources */ = {isa = PBXBuildFile; fileRef = 1F2E447A1AB4890D00D97281 /* ViewController.swift */; };
		1F2E447E1AB4890D00D97281 /* Main.storyboard in Resources */ = {isa = PBXBuildFile; fileRef = 1F2E447C1AB4890D00D97281 /* Main.storyboard */; };
		1F2E44801AB4890D00D97281 /* Images.xcassets in Resources */ = {isa = PBXBuildFile; fileRef = 1F2E447F1AB4890D00D97281 /* Images.xcassets */; };
		1F2E44831AB4890D00D97281 /* LaunchScreen.xib in Resources */ = {isa = PBXBuildFile; fileRef = 1F2E44811AB4890D00D97281 /* LaunchScreen.xib */; };
		1F2E448F1AB4890D00D97281 /* ButlerTests.swift in Sources */ = {isa = PBXBuildFile; fileRef = 1F2E448E1AB4890D00D97281 /* ButlerTests.swift */; };
/* End PBXBuildFile section */

/* Begin PBXContainerItemProxy section */
		1F2E44891AB4890D00D97281 /* PBXContainerItemProxy */ = {
			isa = PBXContainerItemProxy;
			containerPortal = 1F2E446B1AB4890D00D97281 /* Project object */;
			proxyType = 1;
			remoteGlobalIDString = 1F2E44721AB4890D00D97281;
			remoteInfo = Butler;
		};
/* End PBXContainerItemProxy section */

/* Begin PBXFileReference section */
		1F2E44731AB4890D00D97281 /* Butler.app */ = {isa = PBXFileReference; explicitFileType = wrapper.application; includeInIndex = 0; path = Butler.app; sourceTree = BUILT_PRODUCTS_DIR; };
		1F2E44771AB4890D00D97281 /* Info.plist */ = {isa = PBXFileReference; lastKnownFileType = text.plist.xml; path = Info.plist; sourceTree = "<group>"; };
		1F2E44781AB4890D00D97281 /* AppDelegate.swift */ = {isa = PBXFileReference; lastKnownFileType = sourcecode.swift; path = AppDelegate.swift; sourceTree = "<group>"; };
		1F2E447A1AB4890D00D97281 /* ViewController.swift */ = {isa = PBXFileReference; lastKnownFileType = sourcecode.swift; path = ViewController.swift; sourceTree = "<group>"; };
		1F2E447D1AB4890D00D97281 /* Base */ = {isa = PBXFileReference; lastKnownFileType = file.storyboard; name = Base; path = Base.lproj/Main.storyboard; sourceTree = "<group>"; };
		1F2E447F1AB4890D00D97281 /* Images.xcassets */ = {isa = PBXFileReference; lastKnownFileType = folder.assetcatalog; path = Images.xcassets; sourceTree = "<group>"; };
		1F2E44821AB4890D00D97281 /* Base */ = {isa = PBXFileReference; lastKnownFileType = file.xib; name = Base; path = Base.lproj/LaunchScreen.xib; sourceTree = "<group>"; };
		1F2E44881AB4890D00D97281 /* ButlerTests.xctest */ = {isa = PBXFileReference; explicitFileType = wrapper.cfbundle; includeInIndex = 0; path = ButlerTests.xctest; sourceTree = BUILT_PRODUCTS_DIR; };
		1F2E448D1AB4890D00D97281 /* Info.plist */ = {isa = PBXFileReference; lastKnownFileType = text.plist.xml; path = Info.plist; sourceTree = "<group>"; };
		1F2E448E1AB4890D00D97281 /* ButlerTests.swift */ = {isa = PBXFileReference; lastKnownFileType = sourcecode.swift; path = ButlerTests.swift; sourceTree = "<group>"; };
/* End PBXFileReference section */

/* Begin PBXFrameworksBuildPhase section */
		1F2E44701AB4890D00D97281 /* Frameworks */ = {
			isa = PBXFrameworksBuildPhase;
			buildActionMask = 2147483647;
			files = (
			);
			runOnlyForDeploymentPostprocessing = 0;
		};
		1F2E44851AB4890D00D97281 /* Frameworks */ = {
			isa = PBXFrameworksBuildPhase;
			buildActionMask = 2147483647;
			files = (
			);
			runOnlyForDeploymentPostprocessing = 0;
		};
/* End PBXFrameworksBuildPhase section */

/* Begin PBXGroup section */
		1F2E446A1AB4890D00D97281 = {
			isa = PBXGroup;
			children = (
				1F2E44751AB4890D00D97281 /* Butler */,
				1F2E448B1AB4890D00D97281 /* ButlerTests */,
				1F2E44741AB4890D00D97281 /* Products */,
			);
			sourceTree = "<group>";
		};
		1F2E44741AB4890D00D97281 /* Products */ = {
			isa = PBXGroup;
			children = (
				1F2E44731AB4890D00D97281 /* Butler.app */,
				1F2E44881AB4890D00D97281 /* ButlerTests.xctest */,
			);
			name = Products;
			sourceTree = "<group>";
		};
		1F2E44751AB4890D00D97281 /* Butler */ = {
			isa = PBXGroup;
			children = (
				1F2E44781AB4890D00D97281 /* AppDelegate.swift */,
				1F2E447A1AB4890D00D97281 /* ViewController.swift */,
				1F2E447C1AB4890D00D97281 /* Main.storyboard */,
				1F2E447F1AB4890D00D97281 /* Images.xcassets */,
				1F2E44811AB4890D00D97281 /* LaunchScreen.xib */,
				1F2E44761AB4890D00D97281 /* Supporting Files */,
			);
			path = Butler;
			sourceTree = "<group>";
		};
		1F2E44761AB4890D00D97281 /* Supporting Files */ = {
			isa = PBXGroup;
			children = (
				1F2E44771AB4890D00D97281 /* Info.plist */,
			);
			name = "Supporting Files";
			sourceTree = "<group>";
		};
		1F2E448B1AB4890D00D97281 /* ButlerTests */ = {
			isa = PBXGroup;
			children = (
				1F2E448E1AB4890D00D97281 /* ButlerTests.swift */,
				1F2E448C1AB4890D00D97281 /* Supporting Files */,
			);
			path = ButlerTests;
			sourceTree = "<group>";
		};
		1F2E448C1AB4890D00D97281 /* Supporting Files */ = {
			isa = PBXGroup;
			children = (
				1F2E448D1AB4890D00D97281 /* Info.plist */,
			);
			name = "Supporting Files";
			sourceTree = "<group>";
		};
/* End PBXGroup section */

/* Begin PBXNativeTarget section */
		1F2E44721AB4890D00D97281 /* Butler */ = {
			isa = PBXNativeTarget;
			buildConfigurationList = 1F2E44921AB4890D00D97281 /* Build configuration list for PBXNativeTarget "Butler" */;
			buildPhases = (
				1F2E446F1AB4890D00D97281 /* Sources */,
				1F2E44701AB4890D00D97281 /* Frameworks */,
				1F2E44711AB4890D00D97281 /* Resources */,
			);
			buildRules = (
			);
			dependencies = (
			);
			name = Butler;
			productName = Butler;
			productReference = 1F2E44731AB4890D00D97281 /* Butler.app */;
			productType = "com.apple.product-type.application";
		};
		1F2E44871AB4890D00D97281 /* ButlerTests */ = {
			isa = PBXNativeTarget;
			buildConfigurationList = 1F2E44951AB4890D00D97281 /* Build configuration list for PBXNativeTarget "ButlerTests" */;
			buildPhases = (
				1F2E44841AB4890D00D97281 /* Sources */,
				1F2E44851AB4890D00D97281 /* Frameworks */,
				1F2E44861AB4890D00D97281 /* Resources */,
			);
			buildRules = (
			);
			dependencies = (
				1F2E448A1AB4890D00D97281 /* PBXTargetDependency */,
			);
			name = ButlerTests;
			productName = ButlerTests;
			productReference = 1F2E44881AB4890D00D97281 /* ButlerTests.xctest */;
			productType = "com.apple.product-type.bundle.unit-test";
		};
/* End PBXNativeTarget section */

/* Begin PBXProject section */
		1F2E446B1AB4890D00D97281 /* Project object */ = {
			isa = PBXProject;
			attributes = {
				LastUpgradeCheck = 0630;
				ORGANIZATIONNAME = "Claptrap, LLC";
				TargetAttributes = {
					1F2E44721AB4890D00D97281 = {
						CreatedOnToolsVersion = 6.3;
					};
					1F2E44871AB4890D00D97281 = {
						CreatedOnToolsVersion = 6.3;
						TestTargetID = 1F2E44721AB4890D00D97281;
					};
				};
			};
			buildConfigurationList = 1F2E446E1AB4890D00D97281 /* Build configuration list for PBXProject "Butler" */;
			compatibilityVersion = "Xcode 3.2";
			developmentRegion = English;
			hasScannedForEncodings = 0;
			knownRegions = (
				en,
				Base,
			);
			mainGroup = 1F2E446A1AB4890D00D97281;
			productRefGroup = 1F2E44741AB4890D00D97281 /* Products */;
			projectDirPath = "";
			projectRoot = "";
			targets = (
				1F2E44721AB4890D00D97281 /* Butler */,
				1F2E44871AB4890D00D97281 /* ButlerTests */,
			);
		};
/* End PBXProject section */

/* Begin PBXResourcesBuildPhase section */
		1F2E44711AB4890D00D97281 /* Resources */ = {
			isa = PBXResourcesBuildPhase;
			buildActionMask = 2147483647;
			files = (
				1F2E447E1AB4890D00D97281 /* Main.storyboard in Resources */,
				1F2E44831AB4890D00D97281 /* LaunchScreen.xib in Resources */,
				1F2E44801AB4890D00D97281 /* Images.xcassets in Resources */,
			);
			runOnlyForDeploymentPostprocessing = 0;
		};
		1F2E44861AB4890D00D97281 /* Resources */ = {
			isa = PBXResourcesBuildPhase;
			buildActionMask = 2147483647;
			files = (
			);
			runOnlyForDeploymentPostprocessing = 0;
		};
/* End PBXResourcesBuildPhase section */

/* Begin PBXSourcesBuildPhase section */
		1F2E446F1AB4890D00D97281 /* Sources */ = {
			isa = PBXSourcesBuildPhase;
			buildActionMask = 2147483647;
			files = (
				1F2E447B1AB4890D00D97281 /* ViewController.swift in Sources */,
				1F2E44791AB4890D00D97281 /* AppDelegate.swift in Sources */,
			);
			runOnlyForDeploymentPostprocessing = 0;
		};
		1F2E44841AB4890D00D97281 /* Sources */ = {
			isa = PBXSourcesBuildPhase;
			buildActionMask = 2147483647;
			files = (
				1F2E448F1AB4890D00D97281 /* ButlerTests.swift in Sources */,
			);
			runOnlyForDeploymentPostprocessing = 0;
		};
/* End PBXSourcesBuildPhase section */

/* Begin PBXTargetDependency section */
		1F2E448A1AB4890D00D97281 /* PBXTargetDependency */ = {
			isa = PBXTargetDependency;
			target = 1F2E44721AB4890D00D97281 /* Butler */;
			targetProxy = 1F2E44891AB4890D00D97281 /* PBXContainerItemProxy */;
		};
/* End PBXTargetDependency section */

/* Begin PBXVariantGroup section */
		1F2E447C1AB4890D00D97281 /* Main.storyboard */ = {
			isa = PBXVariantGroup;
			children = (
				1F2E447D1AB4890D00D97281 /* Base */,
			);
			name = Main.storyboard;
			sourceTree = "<group>";
		};
		1F2E44811AB4890D00D97281 /* LaunchScreen.xib */ = {
			isa = PBXVariantGroup;
			children = (
				1F2E44821AB4890D00D97281 /* Base */,
			);
			name = LaunchScreen.xib;
			sourceTree = "<group>";
		};
/* End PBXVariantGroup section */

/* Begin XCBuildConfiguration section */
		1F2E44901AB4890D00D97281 /* Debug */ = {
			isa = XCBuildConfiguration;
			buildSettings = {
				ALWAYS_SEARCH_USER_PATHS = NO;
				CLANG_CXX_LANGUAGE_STANDARD = "gnu++0x";
				CLANG_CXX_LIBRARY = "libc++";
				CLANG_ENABLE_MODULES = YES;
				CLANG_ENABLE_OBJC_ARC = YES;
				CLANG_WARN_BOOL_CONVERSION = YES;
				CLANG_WARN_CONSTANT_CONVERSION = YES;
				CLANG_WARN_DIRECT_OBJC_ISA_USAGE = YES_ERROR;
				CLANG_WARN_EMPTY_BODY = YES;
				CLANG_WARN_ENUM_CONVERSION = YES;
				CLANG_WARN_INT_CONVERSION = YES;
				CLANG_WARN_OBJC_ROOT_CLASS = YES_ERROR;
				CLANG_WARN_UNREACHABLE_CODE = YES;
				CLANG_WARN__DUPLICATE_METHOD_MATCH = YES;
				"CODE_SIGN_IDENTITY[sdk=iphoneos*]" = "iPhone Developer";
				COPY_PHASE_STRIP = NO;
				DEBUG_INFORMATION_FORMAT = "dwarf-with-dsym";
				ENABLE_STRICT_OBJC_MSGSEND = YES;
				GCC_C_LANGUAGE_STANDARD = gnu99;
				GCC_DYNAMIC_NO_PIC = NO;
				GCC_NO_COMMON_BLOCKS = YES;
				GCC_OPTIMIZATION_LEVEL = 0;
				GCC_PREPROCESSOR_DEFINITIONS = (
					"DEBUG=1",
					"$(inherited)",
				);
				GCC_SYMBOLS_PRIVATE_EXTERN = NO;
				GCC_WARN_64_TO_32_BIT_CONVERSION = YES;
				GCC_WARN_ABOUT_RETURN_TYPE = YES_ERROR;
				GCC_WARN_UNDECLARED_SELECTOR = YES;
				GCC_WARN_UNINITIALIZED_AUTOS = YES_AGGRESSIVE;
				GCC_WARN_UNUSED_FUNCTION = YES;
				GCC_WARN_UNUSED_VARIABLE = YES;
				IPHONEOS_DEPLOYMENT_TARGET = 8.3;
				MTL_ENABLE_DEBUG_INFO = YES;
				ONLY_ACTIVE_ARCH = YES;
				SDKROOT = iphoneos;
				SWIFT_OPTIMIZATION_LEVEL = "-Onone";
				TARGETED_DEVICE_FAMILY = "1,2";
			};
			name = Debug;
		};
		1F2E44911AB4890D00D97281 /* Release */ = {
			isa = XCBuildConfiguration;
			buildSettings = {
				ALWAYS_SEARCH_USER_PATHS = NO;
				CLANG_CXX_LANGUAGE_STANDARD = "gnu++0x";
				CLANG_CXX_LIBRARY = "libc++";
				CLANG_ENABLE_MODULES = YES;
				CLANG_ENABLE_OBJC_ARC = YES;
				CLANG_WARN_BOOL_CONVERSION = YES;
				CLANG_WARN_CONSTANT_CONVERSION = YES;
				CLANG_WARN_DIRECT_OBJC_ISA_USAGE = YES_ERROR;
				CLANG_WARN_EMPTY_BODY = YES;
				CLANG_WARN_ENUM_CONVERSION = YES;
				CLANG_WARN_INT_CONVERSION = YES;
				CLANG_WARN_OBJC_ROOT_CLASS = YES_ERROR;
				CLANG_WARN_UNREACHABLE_CODE = YES;
				CLANG_WARN__DUPLICATE_METHOD_MATCH = YES;
				"CODE_SIGN_IDENTITY[sdk=iphoneos*]" = "iPhone Developer";
				COPY_PHASE_STRIP = NO;
				DEBUG_INFORMATION_FORMAT = "dwarf-with-dsym";
				ENABLE_NS_ASSERTIONS = NO;
				ENABLE_STRICT_OBJC_MSGSEND = YES;
				GCC_C_LANGUAGE_STANDARD = gnu99;
				GCC_NO_COMMON_BLOCKS = YES;
				GCC_WARN_64_TO_32_BIT_CONVERSION = YES;
				GCC_WARN_ABOUT_RETURN_TYPE = YES_ERROR;
				GCC_WARN_UNDECLARED_SELECTOR = YES;
				GCC_WARN_UNINITIALIZED_AUTOS = YES_AGGRESSIVE;
				GCC_WARN_UNUSED_FUNCTION = YES;
				GCC_WARN_UNUSED_VARIABLE = YES;
				IPHONEOS_DEPLOYMENT_TARGET = 8.3;
				MTL_ENABLE_DEBUG_INFO = NO;
				SDKROOT = iphoneos;
				TARGETED_DEVICE_FAMILY = "1,2";
				VALIDATE_PRODUCT = YES;
			};
			name = Release;
		};
		1F2E44931AB4890D00D97281 /* Debug */ = {
			isa = XCBuildConfiguration;
			buildSettings = {
				ASSETCATALOG_COMPILER_APPICON_NAME = AppIcon;
				INFOPLIST_FILE = Butler/Info.plist;
				LD_RUNPATH_SEARCH_PATHS = "$(inherited) @executable_path/Frameworks";
				PRODUCT_NAME = "$(TARGET_NAME)";
			};
			name = Debug;
		};
		1F2E44941AB4890D00D97281 /* Release */ = {
			isa = XCBuildConfiguration;
			buildSettings = {
				ASSETCATALOG_COMPILER_APPICON_NAME = AppIcon;
				INFOPLIST_FILE = Butler/Info.plist;
				LD_RUNPATH_SEARCH_PATHS = "$(inherited) @executable_path/Frameworks";
				PRODUCT_NAME = "$(TARGET_NAME)";
			};
			name = Release;
		};
		1F2E44961AB4890D00D97281 /* Debug */ = {
			isa = XCBuildConfiguration;
			buildSettings = {
				BUNDLE_LOADER = "$(TEST_HOST)";
				FRAMEWORK_SEARCH_PATHS = (
					"$(SDKROOT)/Developer/Library/Frameworks",
					"$(inherited)",
				);
				GCC_PREPROCESSOR_DEFINITIONS = (
					"DEBUG=1",
					"$(inherited)",
				);
				INFOPLIST_FILE = ButlerTests/Info.plist;
				LD_RUNPATH_SEARCH_PATHS = "$(inherited) @executable_path/Frameworks @loader_path/Frameworks";
				PRODUCT_NAME = "$(TARGET_NAME)";
				TEST_HOST = "$(BUILT_PRODUCTS_DIR)/Butler.app/Butler";
			};
			name = Debug;
		};
		1F2E44971AB4890D00D97281 /* Release */ = {
			isa = XCBuildConfiguration;
			buildSettings = {
				BUNDLE_LOADER = "$(TEST_HOST)";
				FRAMEWORK_SEARCH_PATHS = (
					"$(SDKROOT)/Developer/Library/Frameworks",
					"$(inherited)",
				);
				INFOPLIST_FILE = ButlerTests/Info.plist;
				LD_RUNPATH_SEARCH_PATHS = "$(inherited) @executable_path/Frameworks @loader_path/Frameworks";
				PRODUCT_NAME = "$(TARGET_NAME)";
				TEST_HOST = "$(BUILT_PRODUCTS_DIR)/Butler.app/Butler";
			};
			name = Release;
		};
/* End XCBuildConfiguration section */

/* Begin XCConfigurationList section */
		1F2E446E1AB4890D00D97281 /* Build configuration list for PBXProject "Butler" */ = {
			isa = XCConfigurationList;
			buildConfigurations = (
				1F2E44901AB4890D00D97281 /* Debug */,
				1F2E44911AB4890D00D97281 /* Release */,
			);
			defaultConfigurationIsVisible = 0;
			defaultConfigurationName = Release;
		};
		1F2E44921AB4890D00D97281 /* Build configuration list for PBXNativeTarget "Butler" */ = {
			isa = XCConfigurationList;
			buildConfigurations = (
				1F2E44931AB4890D00D97281 /* Debug */,
				1F2E44941AB4890D00D97281 /* Release */,
			);
			defaultConfigurationIsVisible = 0;
		};
		1F2E44951AB4890D00D97281 /* Build configuration list for PBXNativeTarget "ButlerTests" */ = {
			isa = XCConfigurationList;
			buildConfigurations = (
				1F2E44961AB4890D00D97281 /* Debug */,
				1F2E44971AB4890D00D97281 /* Release */,
			);
			defaultConfigurationIsVisible = 0;
		};
/* End XCConfigurationList section */
	};
	rootObject = 1F2E446B1AB4890D00D97281 /* Project object */;
}
